
Microsoft Visual Studio Solution File, Format Version 12.00
# Visual Studio Version 17
VisualStudioVersion = 17.14.36301.6 d17.14
MinimumVisualStudioVersion = 10.0.40219.1
Project("{FAE04EC0-301F-11D3-BF4B-00C04F79EFBC}") = "AciSozlukWebApp", "AciSozlukWebApp\AciSozlukWebApp.csproj", "{513047BA-F8C2-48DD-8EF4-138BC554A71E}"
EndProject
Global
	GlobalSection(SolutionConfigurationPlatforms) = preSolution
		Debug|Any CPU = Debug|Any CPU
		Release|Any CPU = Release|Any CPU
	EndGlobalSection
	GlobalSection(ProjectConfigurationPlatforms) = postSolution
		{513047BA-F8C2-48DD-8EF4-138BC554A71E}.Debug|Any CPU.ActiveCfg = Debug|Any CPU
		{513047BA-F8C2-48DD-8EF4-138BC554A71E}.Debug|Any CPU.Build.0 = Debug|Any CPU
		{513047BA-F8C2-48DD-8EF4-138BC554A71E}.Release|Any CPU.ActiveCfg = Release|Any CPU
		{513047BA-F8C2-48DD-8EF4-138BC554A71E}.Release|Any CPU.Build.0 = Release|Any CPU
	EndGlobalSection
	GlobalSection(SolutionProperties) = preSolution
		HideSolutionNode = FALSE
	EndGlobalSection
	GlobalSection(ExtensibilityGlobals) = postSolution
		SolutionGuid = {C57F6AAD-7EDC-4011-9E86-32FC0D909527}
	EndGlobalSection
EndGlobal
